
Microsoft Visual Studio Solution File, Format Version 12.00
# Visual Studio 15
VisualStudioVersion = 15.0.27004.2005
MinimumVisualStudioVersion = 10.0.40219.1
Project("{FAE04EC0-301F-11D3-BF4B-00C04F79EFBC}") = "BookManagement", "BookManagement\BookManagement.csproj", "{183B82E1-EE20-4EE0-AB56-6A5C6844A820}"
EndProject
Project("{FAE04EC0-301F-11D3-BF4B-00C04F79EFBC}") = "BookManagement.Tests", "BookManagement.Tests\BookManagement.Tests.csproj", "{A748C4E9-AC44-4DD0-92CF-4882CB08B8A8}"
EndProject
Global
	GlobalSection(SolutionConfigurationPlatforms) = preSolution
		Debug|Any CPU = Debug|Any CPU
		Release|Any CPU = Release|Any CPU
	EndGlobalSection
	GlobalSection(ProjectConfigurationPlatforms) = postSolution
		{183B82E1-EE20-4EE0-AB56-6A5C6844A820}.Debug|Any CPU.ActiveCfg = Debug|Any CPU
		{183B82E1-EE20-4EE0-AB56-6A5C6844A820}.Debug|Any CPU.Build.0 = Debug|Any CPU
		{183B82E1-EE20-4EE0-AB56-6A5C6844A820}.Release|Any CPU.ActiveCfg = Release|Any CPU
		{183B82E1-EE20-4EE0-AB56-6A5C6844A820}.Release|Any CPU.Build.0 = Release|Any CPU
		{A748C4E9-AC44-4DD0-92CF-4882CB08B8A8}.Debug|Any CPU.ActiveCfg = Debug|Any CPU
		{A748C4E9-AC44-4DD0-92CF-4882CB08B8A8}.Debug|Any CPU.Build.0 = Debug|Any CPU
		{A748C4E9-AC44-4DD0-92CF-4882CB08B8A8}.Release|Any CPU.ActiveCfg = Release|Any CPU
		{A748C4E9-AC44-4DD0-92CF-4882CB08B8A8}.Release|Any CPU.Build.0 = Release|Any CPU
	EndGlobalSection
	GlobalSection(SolutionProperties) = preSolution
		HideSolutionNode = FALSE
	EndGlobalSection
	GlobalSection(ExtensibilityGlobals) = postSolution
		SolutionGuid = {865F29E5-4A3C-4F89-9D2A-72D3CC757D6B}
	EndGlobalSection
EndGlobal
